{
  "name": "github-pkg-tester",
  "version": "1.0.0",
  "lockfileVersion": 2,
  "requires": true,
  "packages": {
    "": {
      "name": "github-pkg-tester",
      "version": "1.0.0",
      "license": "ISC",
      "dependencies": {
        "@rhuynh/github-pkg-test": "^1.0.0"
      }
    },
    "node_modules/@rhuynh/github-pkg-test": {
      "version": "1.0.0",
      "resolved": "https://npm.pkg.github.com/download/@rhuynh/github-pkg-test/1.0.0/da2ca7eae4d60fc049ac64075a4368c2e708ae2b98faa569f3376b6a91e3f167",
      "integrity": "sha512-oJ+xyUVmN1GD1OkDHqWjX8QxGo/MsvSJe7HrcWQ7YFUS8e69Sxy96ySGciZ9qfJCndLfMDYuYbHUo26XqciW/g==",
      "license": "ISC"
    }
  },
  "dependencies": {
    "@rhuynh/github-pkg-test": {
      "version": "1.0.0",
      "resolved": "https://npm.pkg.github.com/download/@rhuynh/github-pkg-test/1.0.0/da2ca7eae4d60fc049ac64075a4368c2e708ae2b98faa569f3376b6a91e3f167",
      "integrity": "sha512-oJ+xyUVmN1GD1OkDHqWjX8QxGo/MsvSJe7HrcWQ7YFUS8e69Sxy96ySGciZ9qfJCndLfMDYuYbHUo26XqciW/g=="
    }
  }
}
